
Microsoft Visual Studio Solution File, Format Version 12.00
# Visual Studio Version 17
VisualStudioVersion = 17.3.32901.215
MinimumVisualStudioVersion = 10.0.40219.1
Project("{888888A0-9F3D-457C-B088-3A5042F75D52}") = "Bai001", "Bai001\Bai001.pyproj", "{60872698-5DDF-4765-9F3C-BF6816CCA13C}"
EndProject
Project("{888888A0-9F3D-457C-B088-3A5042F75D52}") = "Bai125", "Bai125\Bai125.pyproj", "{8365E372-38EE-430C-BE2D-8C358AFDB6DF}"
EndProject
Project("{888888A0-9F3D-457C-B088-3A5042F75D52}") = "Bai005", "Bai005\Bai005.pyproj", "{1DCA270F-805A-4268-8DB3-FA395BA9C3E3}"
EndProject
Project("{888888A0-9F3D-457C-B088-3A5042F75D52}") = "Bai006", "Bai006\Bai006.pyproj", "{D1609F8E-6223-4DB4-AAA9-877C8F57B120}"
EndProject
Project("{888888A0-9F3D-457C-B088-3A5042F75D52}") = "Bai012", "Bai012\Bai012.pyproj", "{50C5CA70-F7EF-4856-BDEA-C585D7B9FCD2}"
EndProject
Project("{888888A0-9F3D-457C-B088-3A5042F75D52}") = "Bai018", "Bai018\Bai018.pyproj", "{3DE764E4-EF88-4F6B-9366-EB9360F48B99}"
EndProject
Project("{888888A0-9F3D-457C-B088-3A5042F75D52}") = "Bai024", "Bai024\Bai024.pyproj", "{EC3B5310-013A-4C67-9822-87672F1F0591}"
EndProject
Project("{888888A0-9F3D-457C-B088-3A5042F75D52}") = "Bai030", "Bai030\Bai030.pyproj", "{0B1EE838-B882-485C-A95B-F60986F1A6B1}"
EndProject
Project("{888888A0-9F3D-457C-B088-3A5042F75D52}") = "Bai036", "Bai036\Bai036.pyproj", "{96C14023-73CE-43D7-8037-2909B1A9794F}"
EndProject
Project("{888888A0-9F3D-457C-B088-3A5042F75D52}") = "Bai042", "Bai042\Bai042.pyproj", "{3DF8A254-1900-48B0-9F12-AD4C88146141}"
EndProject
Project("{888888A0-9F3D-457C-B088-3A5042F75D52}") = "Bai048", "Bai048\Bai048.pyproj", "{87C00F27-6839-4574-BFC7-8D0CA03AE37E}"
EndProject
Project("{888888A0-9F3D-457C-B088-3A5042F75D52}") = "Bai052", "Bai052\Bai052.pyproj", "{7833B50A-D68F-432B-890E-1DE73B8CA633}"
EndProject
Project("{888888A0-9F3D-457C-B088-3A5042F75D52}") = "Bai058", "Bai058\Bai058.pyproj", "{9F50FFA9-5661-458F-956A-7CBEB29EB6F5}"
EndProject
Project("{888888A0-9F3D-457C-B088-3A5042F75D52}") = "Bai064", "Bai064\Bai064.pyproj", "{A5BFEA3C-EB8A-4B5B-85F2-AB155B3875FA}"
EndProject
Project("{888888A0-9F3D-457C-B088-3A5042F75D52}") = "Bai070", "Bai070\Bai070.pyproj", "{2D5ADAD2-D9F8-43D7-B1EA-543D5A00DF3B}"
EndProject
Project("{888888A0-9F3D-457C-B088-3A5042F75D52}") = "Bai076", "Bai076\Bai076.pyproj", "{A1CB1BA5-A301-4FD9-9F25-44B6848320AC}"
EndProject
Project("{888888A0-9F3D-457C-B088-3A5042F75D52}") = "Bai082", "Bai082\Bai082.pyproj", "{F975AC50-7015-4517-B3E5-8FB284A7E025}"
EndProject
Project("{888888A0-9F3D-457C-B088-3A5042F75D52}") = "Bai090", "Bai090\Bai090.pyproj", "{45C41A51-1FF9-43B6-A094-D36A201F800C}"
EndProject
Project("{888888A0-9F3D-457C-B088-3A5042F75D52}") = "Bai096", "Bai096\Bai096.pyproj", "{953DBEA1-68BD-4C81-A9D8-03BFE8B0B8D4}"
EndProject
Project("{888888A0-9F3D-457C-B088-3A5042F75D52}") = "Bai102", "Bai102\Bai102.pyproj", "{714453B6-3B3C-4800-BD9A-B15AC1741DCA}"
EndProject
Project("{888888A0-9F3D-457C-B088-3A5042F75D52}") = "Bai108", "Bai108\Bai108.pyproj", "{172D1E37-AE25-451B-8C65-918792F7DABF}"
EndProject
Project("{888888A0-9F3D-457C-B088-3A5042F75D52}") = "Bai112", "Bai112\Bai112.pyproj", "{B3B26C0E-7C14-459C-8F6F-9F34C52AAB83}"
EndProject
Project("{888888A0-9F3D-457C-B088-3A5042F75D52}") = "Bai118", "Bai118\Bai118.pyproj", "{993F9F34-D818-4486-9BA9-CFE422A61CDC}"
EndProject
Project("{888888A0-9F3D-457C-B088-3A5042F75D52}") = "Bai122", "Bai122\Bai122.pyproj", "{BA145C8D-8412-4BB4-A39F-69A2CE5EE027}"
EndProject
Project("{888888A0-9F3D-457C-B088-3A5042F75D52}") = "Bai128", "Bai128\Bai128.pyproj", "{CB384A90-4170-4332-BA74-357BEA849C7C}"
EndProject
Project("{888888A0-9F3D-457C-B088-3A5042F75D52}") = "Bai132", "Bai132\Bai132.pyproj", "{05D5C207-8270-4E4D-B4C9-86A04A4BB550}"
EndProject
Project("{888888A0-9F3D-457C-B088-3A5042F75D52}") = "Bai138", "Bai138\Bai138.pyproj", "{3BAA768D-9BAE-4F94-848D-648B0F83563D}"
EndProject
Project("{888888A0-9F3D-457C-B088-3A5042F75D52}") = "Bai144", "Bai144\Bai144.pyproj", "{6CD3D69D-832A-4366-9101-7A8EA085392D}"
EndProject
Global
	GlobalSection(SolutionConfigurationPlatforms) = preSolution
		Debug|Any CPU = Debug|Any CPU
		Release|Any CPU = Release|Any CPU
	EndGlobalSection
	GlobalSection(ProjectConfigurationPlatforms) = postSolution
		{60872698-5DDF-4765-9F3C-BF6816CCA13C}.Debug|Any CPU.ActiveCfg = Debug|Any CPU
		{60872698-5DDF-4765-9F3C-BF6816CCA13C}.Release|Any CPU.ActiveCfg = Release|Any CPU
		{8365E372-38EE-430C-BE2D-8C358AFDB6DF}.Debug|Any CPU.ActiveCfg = Debug|Any CPU
		{8365E372-38EE-430C-BE2D-8C358AFDB6DF}.Release|Any CPU.ActiveCfg = Release|Any CPU
		{1DCA270F-805A-4268-8DB3-FA395BA9C3E3}.Debug|Any CPU.ActiveCfg = Debug|Any CPU
		{1DCA270F-805A-4268-8DB3-FA395BA9C3E3}.Release|Any CPU.ActiveCfg = Release|Any CPU
		{D1609F8E-6223-4DB4-AAA9-877C8F57B120}.Debug|Any CPU.ActiveCfg = Debug|Any CPU
		{D1609F8E-6223-4DB4-AAA9-877C8F57B120}.Release|Any CPU.ActiveCfg = Release|Any CPU
		{50C5CA70-F7EF-4856-BDEA-C585D7B9FCD2}.Debug|Any CPU.ActiveCfg = Debug|Any CPU
		{50C5CA70-F7EF-4856-BDEA-C585D7B9FCD2}.Release|Any CPU.ActiveCfg = Release|Any CPU
		{3DE764E4-EF88-4F6B-9366-EB9360F48B99}.Debug|Any CPU.ActiveCfg = Debug|Any CPU
		{3DE764E4-EF88-4F6B-9366-EB9360F48B99}.Release|Any CPU.ActiveCfg = Release|Any CPU
		{EC3B5310-013A-4C67-9822-87672F1F0591}.Debug|Any CPU.ActiveCfg = Debug|Any CPU
		{EC3B5310-013A-4C67-9822-87672F1F0591}.Release|Any CPU.ActiveCfg = Release|Any CPU
		{0B1EE838-B882-485C-A95B-F60986F1A6B1}.Debug|Any CPU.ActiveCfg = Debug|Any CPU
		{0B1EE838-B882-485C-A95B-F60986F1A6B1}.Release|Any CPU.ActiveCfg = Release|Any CPU
		{96C14023-73CE-43D7-8037-2909B1A9794F}.Debug|Any CPU.ActiveCfg = Debug|Any CPU
		{96C14023-73CE-43D7-8037-2909B1A9794F}.Release|Any CPU.ActiveCfg = Release|Any CPU
		{3DF8A254-1900-48B0-9F12-AD4C88146141}.Debug|Any CPU.ActiveCfg = Debug|Any CPU
		{3DF8A254-1900-48B0-9F12-AD4C88146141}.Release|Any CPU.ActiveCfg = Release|Any CPU
		{87C00F27-6839-4574-BFC7-8D0CA03AE37E}.Debug|Any CPU.ActiveCfg = Debug|Any CPU
		{87C00F27-6839-4574-BFC7-8D0CA03AE37E}.Release|Any CPU.ActiveCfg = Release|Any CPU
		{7833B50A-D68F-432B-890E-1DE73B8CA633}.Debug|Any CPU.ActiveCfg = Debug|Any CPU
		{7833B50A-D68F-432B-890E-1DE73B8CA633}.Release|Any CPU.ActiveCfg = Release|Any CPU
		{9F50FFA9-5661-458F-956A-7CBEB29EB6F5}.Debug|Any CPU.ActiveCfg = Debug|Any CPU
		{9F50FFA9-5661-458F-956A-7CBEB29EB6F5}.Release|Any CPU.ActiveCfg = Release|Any CPU
		{A5BFEA3C-EB8A-4B5B-85F2-AB155B3875FA}.Debug|Any CPU.ActiveCfg = Debug|Any CPU
		{A5BFEA3C-EB8A-4B5B-85F2-AB155B3875FA}.Release|Any CPU.ActiveCfg = Release|Any CPU
		{2D5ADAD2-D9F8-43D7-B1EA-543D5A00DF3B}.Debug|Any CPU.ActiveCfg = Debug|Any CPU
		{2D5ADAD2-D9F8-43D7-B1EA-543D5A00DF3B}.Release|Any CPU.ActiveCfg = Release|Any CPU
		{A1CB1BA5-A301-4FD9-9F25-44B6848320AC}.Debug|Any CPU.ActiveCfg = Debug|Any CPU
		{A1CB1BA5-A301-4FD9-9F25-44B6848320AC}.Release|Any CPU.ActiveCfg = Release|Any CPU
		{F975AC50-7015-4517-B3E5-8FB284A7E025}.Debug|Any CPU.ActiveCfg = Debug|Any CPU
		{F975AC50-7015-4517-B3E5-8FB284A7E025}.Release|Any CPU.ActiveCfg = Release|Any CPU
		{45C41A51-1FF9-43B6-A094-D36A201F800C}.Debug|Any CPU.ActiveCfg = Debug|Any CPU
		{45C41A51-1FF9-43B6-A094-D36A201F800C}.Release|Any CPU.ActiveCfg = Release|Any CPU
		{953DBEA1-68BD-4C81-A9D8-03BFE8B0B8D4}.Debug|Any CPU.ActiveCfg = Debug|Any CPU
		{953DBEA1-68BD-4C81-A9D8-03BFE8B0B8D4}.Release|Any CPU.ActiveCfg = Release|Any CPU
		{714453B6-3B3C-4800-BD9A-B15AC1741DCA}.Debug|Any CPU.ActiveCfg = Debug|Any CPU
		{714453B6-3B3C-4800-BD9A-B15AC1741DCA}.Release|Any CPU.ActiveCfg = Release|Any CPU
		{172D1E37-AE25-451B-8C65-918792F7DABF}.Debug|Any CPU.ActiveCfg = Debug|Any CPU
		{172D1E37-AE25-451B-8C65-918792F7DABF}.Release|Any CPU.ActiveCfg = Release|Any CPU
		{B3B26C0E-7C14-459C-8F6F-9F34C52AAB83}.Debug|Any CPU.ActiveCfg = Debug|Any CPU
		{B3B26C0E-7C14-459C-8F6F-9F34C52AAB83}.Release|Any CPU.ActiveCfg = Release|Any CPU
		{993F9F34-D818-4486-9BA9-CFE422A61CDC}.Debug|Any CPU.ActiveCfg = Debug|Any CPU
		{993F9F34-D818-4486-9BA9-CFE422A61CDC}.Release|Any CPU.ActiveCfg = Release|Any CPU
		{BA145C8D-8412-4BB4-A39F-69A2CE5EE027}.Debug|Any CPU.ActiveCfg = Debug|Any CPU
		{BA145C8D-8412-4BB4-A39F-69A2CE5EE027}.Release|Any CPU.ActiveCfg = Release|Any CPU
		{CB384A90-4170-4332-BA74-357BEA849C7C}.Debug|Any CPU.ActiveCfg = Debug|Any CPU
		{CB384A90-4170-4332-BA74-357BEA849C7C}.Release|Any CPU.ActiveCfg = Release|Any CPU
		{05D5C207-8270-4E4D-B4C9-86A04A4BB550}.Debug|Any CPU.ActiveCfg = Debug|Any CPU
		{05D5C207-8270-4E4D-B4C9-86A04A4BB550}.Release|Any CPU.ActiveCfg = Release|Any CPU
		{3BAA768D-9BAE-4F94-848D-648B0F83563D}.Debug|Any CPU.ActiveCfg = Debug|Any CPU
		{3BAA768D-9BAE-4F94-848D-648B0F83563D}.Release|Any CPU.ActiveCfg = Release|Any CPU
		{6CD3D69D-832A-4366-9101-7A8EA085392D}.Debug|Any CPU.ActiveCfg = Debug|Any CPU
		{6CD3D69D-832A-4366-9101-7A8EA085392D}.Release|Any CPU.ActiveCfg = Release|Any CPU
	EndGlobalSection
	GlobalSection(SolutionProperties) = preSolution
		HideSolutionNode = FALSE
	EndGlobalSection
	GlobalSection(ExtensibilityGlobals) = postSolution
		SolutionGuid = {FE9B1C2E-E8B5-4E1D-AAA2-417A118418B1}
	EndGlobalSection
EndGlobal
