
Microsoft Visual Studio Solution File, Format Version 12.00
# Visual Studio Version 17
VisualStudioVersion = 17.3.32901.215
MinimumVisualStudioVersion = 10.0.40219.1
Project("{888888A0-9F3D-457C-B088-3A5042F75D52}") = "Bai001", "Bai001\Bai001.pyproj", "{60872698-5DDF-4765-9F3C-BF6816CCA13C}"
EndProject
Project("{888888A0-9F3D-457C-B088-3A5042F75D52}") = "Bai125", "Bai125\Bai125.pyproj", "{8365E372-38EE-430C-BE2D-8C358AFDB6DF}"
EndProject
Project("{888888A0-9F3D-457C-B088-3A5042F75D52}") = "Bai003", "Bai003\Bai003.pyproj", "{A05A041F-17B7-4D37-A22E-3774075F51CE}"
EndProject
Project("{888888A0-9F3D-457C-B088-3A5042F75D52}") = "Bai005", "Bai005\Bai005.pyproj", "{30555E54-87D7-4ABE-9126-50D632729FA5}"
EndProject
Project("{888888A0-9F3D-457C-B088-3A5042F75D52}") = "Bai011", "Bai011\Bai011.pyproj", "{436E7475-9ED3-4F3D-B416-734B6746F6B0}"
EndProject
Project("{888888A0-9F3D-457C-B088-3A5042F75D52}") = "Bai017", "Bai017\Bai017.pyproj", "{A7F024E5-BDA1-4505-A74A-9417A315EDEC}"
EndProject
Project("{888888A0-9F3D-457C-B088-3A5042F75D52}") = "Bai023", "Bai023\Bai023.pyproj", "{2214754D-4E1A-479E-8E9B-3EEDD391AE40}"
EndProject
Project("{888888A0-9F3D-457C-B088-3A5042F75D52}") = "Bai029", "Bai029\Bai029.pyproj", "{937F0230-0568-4070-8E83-FA1051FF81EA}"
EndProject
Project("{888888A0-9F3D-457C-B088-3A5042F75D52}") = "Bai035", "Bai035\Bai035.pyproj", "{777D6946-2CC4-423D-B285-008B1BEB36E0}"
EndProject
Project("{888888A0-9F3D-457C-B088-3A5042F75D52}") = "Bai041", "Bai041\Bai041.pyproj", "{4573B2F0-260E-48F9-905C-39214996BE5F}"
EndProject
Project("{888888A0-9F3D-457C-B088-3A5042F75D52}") = "Bai047", "Bai047\Bai047.pyproj", "{A5475D05-3E77-4214-B335-0DADB1401A15}"
EndProject
Project("{888888A0-9F3D-457C-B088-3A5042F75D52}") = "Bai053", "Bai053\Bai053.pyproj", "{E17B0FE3-B55E-4273-9245-7B71C96E0F7F}"
EndProject
Project("{888888A0-9F3D-457C-B088-3A5042F75D52}") = "Bai059", "Bai059\Bai059.pyproj", "{B8B6A162-0172-425E-9F33-650B3499E849}"
EndProject
Project("{888888A0-9F3D-457C-B088-3A5042F75D52}") = "Bai065", "Bai065\Bai065.pyproj", "{A15222A6-C039-4A71-B059-3BA764CC7430}"
EndProject
Project("{888888A0-9F3D-457C-B088-3A5042F75D52}") = "Bai071", "Bai071\Bai071.pyproj", "{808AC203-682A-45EF-9526-9C0453024231}"
EndProject
Project("{888888A0-9F3D-457C-B088-3A5042F75D52}") = "Bai077", "Bai077\Bai077.pyproj", "{CB0B9207-0DFB-4CD8-B8E1-49EB27838059}"
EndProject
Project("{888888A0-9F3D-457C-B088-3A5042F75D52}") = "Bai083", "Bai083\Bai083.pyproj", "{9189949F-3C82-4ADA-A388-1186F6B69DC2}"
EndProject
Project("{888888A0-9F3D-457C-B088-3A5042F75D52}") = "Bai089", "Bai089\Bai089.pyproj", "{F36E9019-370A-4FAB-B421-9006F0D1A945}"
EndProject
Project("{888888A0-9F3D-457C-B088-3A5042F75D52}") = "Bai095", "Bai095\Bai095.pyproj", "{B409CABE-E31E-4EE4-B99E-97FBCEDAABCE}"
EndProject
Project("{888888A0-9F3D-457C-B088-3A5042F75D52}") = "Bai101", "Bai101\Bai101.pyproj", "{D378A5C8-877A-41AF-B80F-7FCB9D82D050}"
EndProject
Project("{888888A0-9F3D-457C-B088-3A5042F75D52}") = "Bai107", "Bai107\Bai107.pyproj", "{2D66E55A-723D-4983-AF8B-FE233001E9A1}"
EndProject
Project("{888888A0-9F3D-457C-B088-3A5042F75D52}") = "Bai113", "Bai113\Bai113.pyproj", "{84E6185A-9263-446D-9D2A-BCBF03BC2A7E}"
EndProject
Project("{888888A0-9F3D-457C-B088-3A5042F75D52}") = "Bai119", "Bai119\Bai119.pyproj", "{2B540603-D0A6-44F9-8373-3366DCB01D73}"
EndProject
Project("{888888A0-9F3D-457C-B088-3A5042F75D52}") = "Bai131", "Bai131\Bai131.pyproj", "{A57205D6-27E9-4304-AC4F-0274EF12AA35}"
EndProject
Project("{888888A0-9F3D-457C-B088-3A5042F75D52}") = "Bai137", "Bai137\Bai137.pyproj", "{64E928C3-B801-4972-8F31-6615BE615BEC}"
EndProject
Project("{888888A0-9F3D-457C-B088-3A5042F75D52}") = "Bai143", "Bai143\Bai143.pyproj", "{56F349A4-27CF-40FA-9CDA-C896F4707806}"
EndProject
Project("{888888A0-9F3D-457C-B088-3A5042F75D52}") = "Bai149", "Bai149\Bai149.pyproj", "{43597383-700E-4118-922B-D97C959B85E5}"
EndProject
Project("{888888A0-9F3D-457C-B088-3A5042F75D52}") = "Bai155", "Bai155\Bai155.pyproj", "{EF10E383-3A4D-43A3-9A70-96773C63A574}"
EndProject
Project("{888888A0-9F3D-457C-B088-3A5042F75D52}") = "Bai161", "Bai161\Bai161.pyproj", "{F5514502-85E9-4360-8E90-711659518F7C}"
EndProject
Project("{888888A0-9F3D-457C-B088-3A5042F75D52}") = "Bai167", "Bai167\Bai167.pyproj", "{0CE107B6-0AC1-47A2-B1D7-61F7D87353B2}"
EndProject
Global
	GlobalSection(SolutionConfigurationPlatforms) = preSolution
		Debug|Any CPU = Debug|Any CPU
		Release|Any CPU = Release|Any CPU
	EndGlobalSection
	GlobalSection(ProjectConfigurationPlatforms) = postSolution
		{60872698-5DDF-4765-9F3C-BF6816CCA13C}.Debug|Any CPU.ActiveCfg = Debug|Any CPU
		{60872698-5DDF-4765-9F3C-BF6816CCA13C}.Release|Any CPU.ActiveCfg = Release|Any CPU
		{8365E372-38EE-430C-BE2D-8C358AFDB6DF}.Debug|Any CPU.ActiveCfg = Debug|Any CPU
		{8365E372-38EE-430C-BE2D-8C358AFDB6DF}.Release|Any CPU.ActiveCfg = Release|Any CPU
		{A05A041F-17B7-4D37-A22E-3774075F51CE}.Debug|Any CPU.ActiveCfg = Debug|Any CPU
		{A05A041F-17B7-4D37-A22E-3774075F51CE}.Release|Any CPU.ActiveCfg = Release|Any CPU
		{30555E54-87D7-4ABE-9126-50D632729FA5}.Debug|Any CPU.ActiveCfg = Debug|Any CPU
		{30555E54-87D7-4ABE-9126-50D632729FA5}.Release|Any CPU.ActiveCfg = Release|Any CPU
		{436E7475-9ED3-4F3D-B416-734B6746F6B0}.Debug|Any CPU.ActiveCfg = Debug|Any CPU
		{436E7475-9ED3-4F3D-B416-734B6746F6B0}.Release|Any CPU.ActiveCfg = Release|Any CPU
		{A7F024E5-BDA1-4505-A74A-9417A315EDEC}.Debug|Any CPU.ActiveCfg = Debug|Any CPU
		{A7F024E5-BDA1-4505-A74A-9417A315EDEC}.Release|Any CPU.ActiveCfg = Release|Any CPU
		{2214754D-4E1A-479E-8E9B-3EEDD391AE40}.Debug|Any CPU.ActiveCfg = Debug|Any CPU
		{2214754D-4E1A-479E-8E9B-3EEDD391AE40}.Release|Any CPU.ActiveCfg = Release|Any CPU
		{937F0230-0568-4070-8E83-FA1051FF81EA}.Debug|Any CPU.ActiveCfg = Debug|Any CPU
		{937F0230-0568-4070-8E83-FA1051FF81EA}.Release|Any CPU.ActiveCfg = Release|Any CPU
		{777D6946-2CC4-423D-B285-008B1BEB36E0}.Debug|Any CPU.ActiveCfg = Debug|Any CPU
		{777D6946-2CC4-423D-B285-008B1BEB36E0}.Release|Any CPU.ActiveCfg = Release|Any CPU
		{4573B2F0-260E-48F9-905C-39214996BE5F}.Debug|Any CPU.ActiveCfg = Debug|Any CPU
		{4573B2F0-260E-48F9-905C-39214996BE5F}.Release|Any CPU.ActiveCfg = Release|Any CPU
		{A5475D05-3E77-4214-B335-0DADB1401A15}.Debug|Any CPU.ActiveCfg = Debug|Any CPU
		{A5475D05-3E77-4214-B335-0DADB1401A15}.Release|Any CPU.ActiveCfg = Release|Any CPU
		{E17B0FE3-B55E-4273-9245-7B71C96E0F7F}.Debug|Any CPU.ActiveCfg = Debug|Any CPU
		{E17B0FE3-B55E-4273-9245-7B71C96E0F7F}.Release|Any CPU.ActiveCfg = Release|Any CPU
		{B8B6A162-0172-425E-9F33-650B3499E849}.Debug|Any CPU.ActiveCfg = Debug|Any CPU
		{B8B6A162-0172-425E-9F33-650B3499E849}.Release|Any CPU.ActiveCfg = Release|Any CPU
		{A15222A6-C039-4A71-B059-3BA764CC7430}.Debug|Any CPU.ActiveCfg = Debug|Any CPU
		{A15222A6-C039-4A71-B059-3BA764CC7430}.Release|Any CPU.ActiveCfg = Release|Any CPU
		{808AC203-682A-45EF-9526-9C0453024231}.Debug|Any CPU.ActiveCfg = Debug|Any CPU
		{808AC203-682A-45EF-9526-9C0453024231}.Release|Any CPU.ActiveCfg = Release|Any CPU
		{CB0B9207-0DFB-4CD8-B8E1-49EB27838059}.Debug|Any CPU.ActiveCfg = Debug|Any CPU
		{CB0B9207-0DFB-4CD8-B8E1-49EB27838059}.Release|Any CPU.ActiveCfg = Release|Any CPU
		{9189949F-3C82-4ADA-A388-1186F6B69DC2}.Debug|Any CPU.ActiveCfg = Debug|Any CPU
		{9189949F-3C82-4ADA-A388-1186F6B69DC2}.Release|Any CPU.ActiveCfg = Release|Any CPU
		{F36E9019-370A-4FAB-B421-9006F0D1A945}.Debug|Any CPU.ActiveCfg = Debug|Any CPU
		{F36E9019-370A-4FAB-B421-9006F0D1A945}.Release|Any CPU.ActiveCfg = Release|Any CPU
		{B409CABE-E31E-4EE4-B99E-97FBCEDAABCE}.Debug|Any CPU.ActiveCfg = Debug|Any CPU
		{B409CABE-E31E-4EE4-B99E-97FBCEDAABCE}.Release|Any CPU.ActiveCfg = Release|Any CPU
		{D378A5C8-877A-41AF-B80F-7FCB9D82D050}.Debug|Any CPU.ActiveCfg = Debug|Any CPU
		{D378A5C8-877A-41AF-B80F-7FCB9D82D050}.Release|Any CPU.ActiveCfg = Release|Any CPU
		{2D66E55A-723D-4983-AF8B-FE233001E9A1}.Debug|Any CPU.ActiveCfg = Debug|Any CPU
		{2D66E55A-723D-4983-AF8B-FE233001E9A1}.Release|Any CPU.ActiveCfg = Release|Any CPU
		{84E6185A-9263-446D-9D2A-BCBF03BC2A7E}.Debug|Any CPU.ActiveCfg = Debug|Any CPU
		{84E6185A-9263-446D-9D2A-BCBF03BC2A7E}.Release|Any CPU.ActiveCfg = Release|Any CPU
		{2B540603-D0A6-44F9-8373-3366DCB01D73}.Debug|Any CPU.ActiveCfg = Debug|Any CPU
		{2B540603-D0A6-44F9-8373-3366DCB01D73}.Release|Any CPU.ActiveCfg = Release|Any CPU
		{A57205D6-27E9-4304-AC4F-0274EF12AA35}.Debug|Any CPU.ActiveCfg = Debug|Any CPU
		{A57205D6-27E9-4304-AC4F-0274EF12AA35}.Release|Any CPU.ActiveCfg = Release|Any CPU
		{64E928C3-B801-4972-8F31-6615BE615BEC}.Debug|Any CPU.ActiveCfg = Debug|Any CPU
		{64E928C3-B801-4972-8F31-6615BE615BEC}.Release|Any CPU.ActiveCfg = Release|Any CPU
		{56F349A4-27CF-40FA-9CDA-C896F4707806}.Debug|Any CPU.ActiveCfg = Debug|Any CPU
		{56F349A4-27CF-40FA-9CDA-C896F4707806}.Release|Any CPU.ActiveCfg = Release|Any CPU
		{43597383-700E-4118-922B-D97C959B85E5}.Debug|Any CPU.ActiveCfg = Debug|Any CPU
		{43597383-700E-4118-922B-D97C959B85E5}.Release|Any CPU.ActiveCfg = Release|Any CPU
		{EF10E383-3A4D-43A3-9A70-96773C63A574}.Debug|Any CPU.ActiveCfg = Debug|Any CPU
		{EF10E383-3A4D-43A3-9A70-96773C63A574}.Release|Any CPU.ActiveCfg = Release|Any CPU
		{F5514502-85E9-4360-8E90-711659518F7C}.Debug|Any CPU.ActiveCfg = Debug|Any CPU
		{F5514502-85E9-4360-8E90-711659518F7C}.Release|Any CPU.ActiveCfg = Release|Any CPU
		{0CE107B6-0AC1-47A2-B1D7-61F7D87353B2}.Debug|Any CPU.ActiveCfg = Debug|Any CPU
		{0CE107B6-0AC1-47A2-B1D7-61F7D87353B2}.Release|Any CPU.ActiveCfg = Release|Any CPU
	EndGlobalSection
	GlobalSection(SolutionProperties) = preSolution
		HideSolutionNode = FALSE
	EndGlobalSection
	GlobalSection(ExtensibilityGlobals) = postSolution
		SolutionGuid = {FE9B1C2E-E8B5-4E1D-AAA2-417A118418B1}
	EndGlobalSection
EndGlobal
