
Microsoft Visual Studio Solution File, Format Version 12.00
# Visual Studio Version 17
VisualStudioVersion = 17.3.32901.215
MinimumVisualStudioVersion = 10.0.40219.1
Project("{888888A0-9F3D-457C-B088-3A5042F75D52}") = "Bai001", "Bai001\Bai001.pyproj", "{60872698-5DDF-4765-9F3C-BF6816CCA13C}"
EndProject
Project("{888888A0-9F3D-457C-B088-3A5042F75D52}") = "Bai012", "Bai012\Bai012.pyproj", "{075A5426-B5CC-403A-871E-D374A4BC4040}"
EndProject
Project("{888888A0-9F3D-457C-B088-3A5042F75D52}") = "Bai024", "Bai024\Bai024.pyproj", "{0DEA929D-7CE9-4970-A84C-4603B0CAF666}"
EndProject
Project("{888888A0-9F3D-457C-B088-3A5042F75D52}") = "Bai018", "Bai018\Bai018.pyproj", "{CEC1B257-5D65-4EB0-92C2-ADEA9217E6B9}"
EndProject
Project("{888888A0-9F3D-457C-B088-3A5042F75D52}") = "Bai030", "Bai030\Bai030.pyproj", "{B8678D1B-11D6-4214-BBAF-F134E4A16A80}"
EndProject
Project("{888888A0-9F3D-457C-B088-3A5042F75D52}") = "Bai036", "Bai036\Bai036.pyproj", "{2328DE08-B664-4FF2-8366-71631161FF67}"
EndProject
Project("{888888A0-9F3D-457C-B088-3A5042F75D52}") = "Bai042", "Bai042\Bai042.pyproj", "{BDDF82F6-F146-4B08-AD8D-6843087C6B5A}"
EndProject
Project("{888888A0-9F3D-457C-B088-3A5042F75D52}") = "Bai048", "Bai048\Bai048.pyproj", "{071A30EC-2FCF-4662-B54E-D72B99F2B53D}"
EndProject
Project("{888888A0-9F3D-457C-B088-3A5042F75D52}") = "Bai054", "Bai054\Bai054.pyproj", "{3B1BE0D5-60CA-4328-ABDC-1EC9BFEB42C5}"
EndProject
Project("{888888A0-9F3D-457C-B088-3A5042F75D52}") = "Bai060", "Bai060\Bai060.pyproj", "{FFC4FDBE-26E4-42EF-A7FC-567503DC6401}"
EndProject
Project("{888888A0-9F3D-457C-B088-3A5042F75D52}") = "Bai066", "Bai066\Bai066.pyproj", "{6DD36BA7-8A7F-4D9D-9C3D-6FAACDFCA8E3}"
EndProject
Project("{888888A0-9F3D-457C-B088-3A5042F75D52}") = "Bai102", "Bai102\Bai102.pyproj", "{6627DED9-7FB4-4855-A4C2-C1859912580E}"
EndProject
Project("{888888A0-9F3D-457C-B088-3A5042F75D52}") = "Bai072", "Bai072\Bai072.pyproj", "{047FA7CD-7806-490F-83DF-1E95DFE0EC1E}"
EndProject
Project("{888888A0-9F3D-457C-B088-3A5042F75D52}") = "Bai078", "Bai078\Bai078.pyproj", "{0F155C39-6B35-4393-9609-3B85D3DBE30D}"
EndProject
Project("{888888A0-9F3D-457C-B088-3A5042F75D52}") = "Bai084", "Bai084\Bai084.pyproj", "{438E4FB1-D482-47AA-B15F-2E5B7981BD3F}"
EndProject
Project("{888888A0-9F3D-457C-B088-3A5042F75D52}") = "Bai090", "Bai090\Bai090.pyproj", "{5B31C1E5-F81F-41BF-B355-5055FB2AFC84}"
EndProject
Project("{888888A0-9F3D-457C-B088-3A5042F75D52}") = "Bai096", "Bai096\Bai096.pyproj", "{8A15D2EF-F630-4451-B3EC-244514188891}"
EndProject
Project("{888888A0-9F3D-457C-B088-3A5042F75D52}") = "Bai108", "Bai108\Bai108.pyproj", "{E257C424-D13A-4A77-9621-7E2C89035818}"
EndProject
Project("{888888A0-9F3D-457C-B088-3A5042F75D52}") = "Bai114", "Bai114\Bai114.pyproj", "{686DBB90-A082-4A7D-856B-D8EED5B9CBF3}"
EndProject
Project("{888888A0-9F3D-457C-B088-3A5042F75D52}") = "Bai120", "Bai120\Bai120.pyproj", "{B4492163-81DA-4905-8939-513F21470251}"
EndProject
Project("{888888A0-9F3D-457C-B088-3A5042F75D52}") = "Bai126", "Bai126\Bai126.pyproj", "{4EEBDEB0-3A15-4924-A4C6-1AF848FF9332}"
EndProject
Project("{888888A0-9F3D-457C-B088-3A5042F75D52}") = "Bai132", "Bai132\Bai132.pyproj", "{6C552156-A4E7-4A35-A06F-49E41E540B00}"
EndProject
Project("{888888A0-9F3D-457C-B088-3A5042F75D52}") = "Bai138", "Bai138\Bai138.pyproj", "{D28D5EE4-5E73-4CCA-8872-93D9FDCDFE8E}"
EndProject
Project("{888888A0-9F3D-457C-B088-3A5042F75D52}") = "Bai144", "Bai144\Bai144.pyproj", "{CA10EEC1-55C7-4FBC-8C97-A37BAFA11D11}"
EndProject
Project("{888888A0-9F3D-457C-B088-3A5042F75D52}") = "Bai150", "Bai150\Bai150.pyproj", "{044E98BA-4AB5-4AA9-AD93-F4232BE92D04}"
EndProject
Project("{888888A0-9F3D-457C-B088-3A5042F75D52}") = "Bai156", "Bai156\Bai156.pyproj", "{47799343-4D1F-4879-9905-C92D1E01F28F}"
EndProject
Project("{888888A0-9F3D-457C-B088-3A5042F75D52}") = "Bai162", "Bai162\Bai162.pyproj", "{FDC588A7-B52B-4369-924B-4A5A599EC93A}"
EndProject
Project("{888888A0-9F3D-457C-B088-3A5042F75D52}") = "Bai006", "Bai006\Bai006.pyproj", "{6BEAE68B-B7EA-4274-8C1B-CD82687F6333}"
EndProject
Project("{888888A0-9F3D-457C-B088-3A5042F75D52}") = "Bai125", "Bai125\Bai125.pyproj", "{F073A450-CDC7-4263-85FE-2E1D0C51A8BA}"
EndProject
Global
	GlobalSection(SolutionConfigurationPlatforms) = preSolution
		Debug|Any CPU = Debug|Any CPU
		Release|Any CPU = Release|Any CPU
	EndGlobalSection
	GlobalSection(ProjectConfigurationPlatforms) = postSolution
		{60872698-5DDF-4765-9F3C-BF6816CCA13C}.Debug|Any CPU.ActiveCfg = Debug|Any CPU
		{60872698-5DDF-4765-9F3C-BF6816CCA13C}.Release|Any CPU.ActiveCfg = Release|Any CPU
		{075A5426-B5CC-403A-871E-D374A4BC4040}.Debug|Any CPU.ActiveCfg = Debug|Any CPU
		{075A5426-B5CC-403A-871E-D374A4BC4040}.Release|Any CPU.ActiveCfg = Release|Any CPU
		{0DEA929D-7CE9-4970-A84C-4603B0CAF666}.Debug|Any CPU.ActiveCfg = Debug|Any CPU
		{0DEA929D-7CE9-4970-A84C-4603B0CAF666}.Release|Any CPU.ActiveCfg = Release|Any CPU
		{CEC1B257-5D65-4EB0-92C2-ADEA9217E6B9}.Debug|Any CPU.ActiveCfg = Debug|Any CPU
		{CEC1B257-5D65-4EB0-92C2-ADEA9217E6B9}.Release|Any CPU.ActiveCfg = Release|Any CPU
		{B8678D1B-11D6-4214-BBAF-F134E4A16A80}.Debug|Any CPU.ActiveCfg = Debug|Any CPU
		{B8678D1B-11D6-4214-BBAF-F134E4A16A80}.Release|Any CPU.ActiveCfg = Release|Any CPU
		{2328DE08-B664-4FF2-8366-71631161FF67}.Debug|Any CPU.ActiveCfg = Debug|Any CPU
		{2328DE08-B664-4FF2-8366-71631161FF67}.Release|Any CPU.ActiveCfg = Release|Any CPU
		{BDDF82F6-F146-4B08-AD8D-6843087C6B5A}.Debug|Any CPU.ActiveCfg = Debug|Any CPU
		{BDDF82F6-F146-4B08-AD8D-6843087C6B5A}.Release|Any CPU.ActiveCfg = Release|Any CPU
		{071A30EC-2FCF-4662-B54E-D72B99F2B53D}.Debug|Any CPU.ActiveCfg = Debug|Any CPU
		{071A30EC-2FCF-4662-B54E-D72B99F2B53D}.Release|Any CPU.ActiveCfg = Release|Any CPU
		{3B1BE0D5-60CA-4328-ABDC-1EC9BFEB42C5}.Debug|Any CPU.ActiveCfg = Debug|Any CPU
		{3B1BE0D5-60CA-4328-ABDC-1EC9BFEB42C5}.Release|Any CPU.ActiveCfg = Release|Any CPU
		{FFC4FDBE-26E4-42EF-A7FC-567503DC6401}.Debug|Any CPU.ActiveCfg = Debug|Any CPU
		{FFC4FDBE-26E4-42EF-A7FC-567503DC6401}.Release|Any CPU.ActiveCfg = Release|Any CPU
		{6DD36BA7-8A7F-4D9D-9C3D-6FAACDFCA8E3}.Debug|Any CPU.ActiveCfg = Debug|Any CPU
		{6DD36BA7-8A7F-4D9D-9C3D-6FAACDFCA8E3}.Release|Any CPU.ActiveCfg = Release|Any CPU
		{6627DED9-7FB4-4855-A4C2-C1859912580E}.Debug|Any CPU.ActiveCfg = Debug|Any CPU
		{6627DED9-7FB4-4855-A4C2-C1859912580E}.Release|Any CPU.ActiveCfg = Release|Any CPU
		{047FA7CD-7806-490F-83DF-1E95DFE0EC1E}.Debug|Any CPU.ActiveCfg = Debug|Any CPU
		{047FA7CD-7806-490F-83DF-1E95DFE0EC1E}.Release|Any CPU.ActiveCfg = Release|Any CPU
		{0F155C39-6B35-4393-9609-3B85D3DBE30D}.Debug|Any CPU.ActiveCfg = Debug|Any CPU
		{0F155C39-6B35-4393-9609-3B85D3DBE30D}.Release|Any CPU.ActiveCfg = Release|Any CPU
		{438E4FB1-D482-47AA-B15F-2E5B7981BD3F}.Debug|Any CPU.ActiveCfg = Debug|Any CPU
		{438E4FB1-D482-47AA-B15F-2E5B7981BD3F}.Release|Any CPU.ActiveCfg = Release|Any CPU
		{5B31C1E5-F81F-41BF-B355-5055FB2AFC84}.Debug|Any CPU.ActiveCfg = Debug|Any CPU
		{5B31C1E5-F81F-41BF-B355-5055FB2AFC84}.Release|Any CPU.ActiveCfg = Release|Any CPU
		{8A15D2EF-F630-4451-B3EC-244514188891}.Debug|Any CPU.ActiveCfg = Debug|Any CPU
		{8A15D2EF-F630-4451-B3EC-244514188891}.Release|Any CPU.ActiveCfg = Release|Any CPU
		{E257C424-D13A-4A77-9621-7E2C89035818}.Debug|Any CPU.ActiveCfg = Debug|Any CPU
		{E257C424-D13A-4A77-9621-7E2C89035818}.Release|Any CPU.ActiveCfg = Release|Any CPU
		{686DBB90-A082-4A7D-856B-D8EED5B9CBF3}.Debug|Any CPU.ActiveCfg = Debug|Any CPU
		{686DBB90-A082-4A7D-856B-D8EED5B9CBF3}.Release|Any CPU.ActiveCfg = Release|Any CPU
		{B4492163-81DA-4905-8939-513F21470251}.Debug|Any CPU.ActiveCfg = Debug|Any CPU
		{B4492163-81DA-4905-8939-513F21470251}.Release|Any CPU.ActiveCfg = Release|Any CPU
		{4EEBDEB0-3A15-4924-A4C6-1AF848FF9332}.Debug|Any CPU.ActiveCfg = Debug|Any CPU
		{4EEBDEB0-3A15-4924-A4C6-1AF848FF9332}.Release|Any CPU.ActiveCfg = Release|Any CPU
		{6C552156-A4E7-4A35-A06F-49E41E540B00}.Debug|Any CPU.ActiveCfg = Debug|Any CPU
		{6C552156-A4E7-4A35-A06F-49E41E540B00}.Release|Any CPU.ActiveCfg = Release|Any CPU
		{D28D5EE4-5E73-4CCA-8872-93D9FDCDFE8E}.Debug|Any CPU.ActiveCfg = Debug|Any CPU
		{D28D5EE4-5E73-4CCA-8872-93D9FDCDFE8E}.Release|Any CPU.ActiveCfg = Release|Any CPU
		{CA10EEC1-55C7-4FBC-8C97-A37BAFA11D11}.Debug|Any CPU.ActiveCfg = Debug|Any CPU
		{CA10EEC1-55C7-4FBC-8C97-A37BAFA11D11}.Release|Any CPU.ActiveCfg = Release|Any CPU
		{044E98BA-4AB5-4AA9-AD93-F4232BE92D04}.Debug|Any CPU.ActiveCfg = Debug|Any CPU
		{044E98BA-4AB5-4AA9-AD93-F4232BE92D04}.Release|Any CPU.ActiveCfg = Release|Any CPU
		{47799343-4D1F-4879-9905-C92D1E01F28F}.Debug|Any CPU.ActiveCfg = Debug|Any CPU
		{47799343-4D1F-4879-9905-C92D1E01F28F}.Release|Any CPU.ActiveCfg = Release|Any CPU
		{FDC588A7-B52B-4369-924B-4A5A599EC93A}.Debug|Any CPU.ActiveCfg = Debug|Any CPU
		{FDC588A7-B52B-4369-924B-4A5A599EC93A}.Release|Any CPU.ActiveCfg = Release|Any CPU
		{6BEAE68B-B7EA-4274-8C1B-CD82687F6333}.Debug|Any CPU.ActiveCfg = Debug|Any CPU
		{6BEAE68B-B7EA-4274-8C1B-CD82687F6333}.Release|Any CPU.ActiveCfg = Release|Any CPU
		{F073A450-CDC7-4263-85FE-2E1D0C51A8BA}.Debug|Any CPU.ActiveCfg = Debug|Any CPU
		{F073A450-CDC7-4263-85FE-2E1D0C51A8BA}.Release|Any CPU.ActiveCfg = Release|Any CPU
	EndGlobalSection
	GlobalSection(SolutionProperties) = preSolution
		HideSolutionNode = FALSE
	EndGlobalSection
	GlobalSection(ExtensibilityGlobals) = postSolution
		SolutionGuid = {FE9B1C2E-E8B5-4E1D-AAA2-417A118418B1}
	EndGlobalSection
EndGlobal
